
Microsoft Visual Studio Solution File, Format Version 12.00
# Visual Studio 2013
VisualStudioVersion = 12.0.31101.0
MinimumVisualStudioVersion = 10.0.40219.1
Project("{FAE04EC0-301F-11D3-BF4B-00C04F79EFBC}") = "AlcmariaVictrix.Shared", "AlcmariaVictrix.App\AlcmariaVictrix.App\AlcmariaVictrix.Shared.csproj", "{E639B811-5496-45D5-9E31-BE1E4D1405B5}"
EndProject
Project("{FAE04EC0-301F-11D3-BF4B-00C04F79EFBC}") = "AlcmariaVictrix.App.iOS", "AlcmariaVictrix.App\AlcmariaVictrix.App.iOS\AlcmariaVictrix.App.iOS.csproj", "{EEB7D543-5CD6-4563-948A-D4F041E8517F}"
EndProject
Project("{FAE04EC0-301F-11D3-BF4B-00C04F79EFBC}") = "AlcmariaVictrix.Droid", "AlcmariaVictrix.App\AlcmariaVictrix.App.Droid\AlcmariaVictrix.Droid.csproj", "{BB76D2C2-74A9-49CA-A387-4118769A23AD}"
EndProject
Project("{FAE04EC0-301F-11D3-BF4B-00C04F79EFBC}") = "AlcmariaVictrix.WinPhone", "AlcmariaVictrix.App\AlcmariaVictrix.App.WinPhone\AlcmariaVictrix.WinPhone.csproj", "{BBB9AF22-7E18-4F6E-B4B5-C039DA506FF8}"
EndProject
Project("{FAE04EC0-301F-11D3-BF4B-00C04F79EFBC}") = "WebMolen.Mobile.Core", "AlcmariaVictrix.App.Core\WebMolen.Mobile.Core.csproj", "{67F9D3A8-F71E-4428-913F-C37AE82CDB24}"
EndProject
Project("{2150E333-8FDC-42A3-9474-1A3956D46DE8}") = "Core", "Core", "{69872FD4-4500-4C1A-AA2C-35C60A3487ED}"
EndProject
Project("{2150E333-8FDC-42A3-9474-1A3956D46DE8}") = "Platforms", "Platforms", "{371E56D8-2AC4-4280-9AD4-5BC024739612}"
EndProject
Project("{2150E333-8FDC-42A3-9474-1A3956D46DE8}") = "Shared", "Shared", "{2AE37F99-E679-43EA-84C7-998A9C9C4121}"
EndProject
Project("{2150E333-8FDC-42A3-9474-1A3956D46DE8}") = "NewFolder1", "NewFolder1", "{97B3422F-C7C3-41A1-BA31-FE1ED02B8A5C}"
	ProjectSection(SolutionItems) = preProject
		Polly.dll = Polly.dll
		Polly.xml = Polly.xml
	EndProjectSection
EndProject
Global
	GlobalSection(SolutionConfigurationPlatforms) = preSolution
		Ad-Hoc|Any CPU = Ad-Hoc|Any CPU
		Ad-Hoc|ARM = Ad-Hoc|ARM
		Ad-Hoc|iPhone = Ad-Hoc|iPhone
		Ad-Hoc|iPhoneSimulator = Ad-Hoc|iPhoneSimulator
		Ad-Hoc|Mixed Platforms = Ad-Hoc|Mixed Platforms
		Ad-Hoc|x86 = Ad-Hoc|x86
		AppStore|Any CPU = AppStore|Any CPU
		AppStore|ARM = AppStore|ARM
		AppStore|iPhone = AppStore|iPhone
		AppStore|iPhoneSimulator = AppStore|iPhoneSimulator
		AppStore|Mixed Platforms = AppStore|Mixed Platforms
		AppStore|x86 = AppStore|x86
		Debug|Any CPU = Debug|Any CPU
		Debug|ARM = Debug|ARM
		Debug|iPhone = Debug|iPhone
		Debug|iPhoneSimulator = Debug|iPhoneSimulator
		Debug|Mixed Platforms = Debug|Mixed Platforms
		Debug|x86 = Debug|x86
		Release|Any CPU = Release|Any CPU
		Release|ARM = Release|ARM
		Release|iPhone = Release|iPhone
		Release|iPhoneSimulator = Release|iPhoneSimulator
		Release|Mixed Platforms = Release|Mixed Platforms
		Release|x86 = Release|x86
	EndGlobalSection
	GlobalSection(ProjectConfigurationPlatforms) = postSolution
		{E639B811-5496-45D5-9E31-BE1E4D1405B5}.Ad-Hoc|Any CPU.ActiveCfg = Release|Any CPU
		{E639B811-5496-45D5-9E31-BE1E4D1405B5}.Ad-Hoc|Any CPU.Build.0 = Release|Any CPU
		{E639B811-5496-45D5-9E31-BE1E4D1405B5}.Ad-Hoc|ARM.ActiveCfg = Release|Any CPU
		{E639B811-5496-45D5-9E31-BE1E4D1405B5}.Ad-Hoc|iPhone.ActiveCfg = Release|Any CPU
		{E639B811-5496-45D5-9E31-BE1E4D1405B5}.Ad-Hoc|iPhoneSimulator.ActiveCfg = Release|Any CPU
		{E639B811-5496-45D5-9E31-BE1E4D1405B5}.Ad-Hoc|Mixed Platforms.ActiveCfg = Release|Any CPU
		{E639B811-5496-45D5-9E31-BE1E4D1405B5}.Ad-Hoc|Mixed Platforms.Build.0 = Release|Any CPU
		{E639B811-5496-45D5-9E31-BE1E4D1405B5}.Ad-Hoc|x86.ActiveCfg = Release|Any CPU
		{E639B811-5496-45D5-9E31-BE1E4D1405B5}.AppStore|Any CPU.ActiveCfg = Release|Any CPU
		{E639B811-5496-45D5-9E31-BE1E4D1405B5}.AppStore|Any CPU.Build.0 = Release|Any CPU
		{E639B811-5496-45D5-9E31-BE1E4D1405B5}.AppStore|ARM.ActiveCfg = Release|Any CPU
		{E639B811-5496-45D5-9E31-BE1E4D1405B5}.AppStore|iPhone.ActiveCfg = Release|Any CPU
		{E639B811-5496-45D5-9E31-BE1E4D1405B5}.AppStore|iPhoneSimulator.ActiveCfg = Release|Any CPU
		{E639B811-5496-45D5-9E31-BE1E4D1405B5}.AppStore|Mixed Platforms.ActiveCfg = Release|Any CPU
		{E639B811-5496-45D5-9E31-BE1E4D1405B5}.AppStore|Mixed Platforms.Build.0 = Release|Any CPU
		{E639B811-5496-45D5-9E31-BE1E4D1405B5}.AppStore|x86.ActiveCfg = Release|Any CPU
		{E639B811-5496-45D5-9E31-BE1E4D1405B5}.Debug|Any CPU.ActiveCfg = Debug|Any CPU
		{E639B811-5496-45D5-9E31-BE1E4D1405B5}.Debug|Any CPU.Build.0 = Debug|Any CPU
		{E639B811-5496-45D5-9E31-BE1E4D1405B5}.Debug|ARM.ActiveCfg = Debug|Any CPU
		{E639B811-5496-45D5-9E31-BE1E4D1405B5}.Debug|iPhone.ActiveCfg = Debug|Any CPU
		{E639B811-5496-45D5-9E31-BE1E4D1405B5}.Debug|iPhoneSimulator.ActiveCfg = Debug|Any CPU
		{E639B811-5496-45D5-9E31-BE1E4D1405B5}.Debug|Mixed Platforms.ActiveCfg = Debug|Any CPU
		{E639B811-5496-45D5-9E31-BE1E4D1405B5}.Debug|Mixed Platforms.Build.0 = Debug|Any CPU
		{E639B811-5496-45D5-9E31-BE1E4D1405B5}.Debug|x86.ActiveCfg = Debug|Any CPU
		{E639B811-5496-45D5-9E31-BE1E4D1405B5}.Release|Any CPU.ActiveCfg = Release|Any CPU
		{E639B811-5496-45D5-9E31-BE1E4D1405B5}.Release|Any CPU.Build.0 = Release|Any CPU
		{E639B811-5496-45D5-9E31-BE1E4D1405B5}.Release|ARM.ActiveCfg = Release|Any CPU
		{E639B811-5496-45D5-9E31-BE1E4D1405B5}.Release|iPhone.ActiveCfg = Release|Any CPU
		{E639B811-5496-45D5-9E31-BE1E4D1405B5}.Release|iPhoneSimulator.ActiveCfg = Release|Any CPU
		{E639B811-5496-45D5-9E31-BE1E4D1405B5}.Release|Mixed Platforms.ActiveCfg = Release|Any CPU
		{E639B811-5496-45D5-9E31-BE1E4D1405B5}.Release|Mixed Platforms.Build.0 = Release|Any CPU
		{E639B811-5496-45D5-9E31-BE1E4D1405B5}.Release|x86.ActiveCfg = Release|Any CPU
		{EEB7D543-5CD6-4563-948A-D4F041E8517F}.Ad-Hoc|Any CPU.ActiveCfg = Ad-Hoc|iPhone
		{EEB7D543-5CD6-4563-948A-D4F041E8517F}.Ad-Hoc|ARM.ActiveCfg = Ad-Hoc|iPhone
		{EEB7D543-5CD6-4563-948A-D4F041E8517F}.Ad-Hoc|iPhone.ActiveCfg = Ad-Hoc|iPhone
		{EEB7D543-5CD6-4563-948A-D4F041E8517F}.Ad-Hoc|iPhone.Build.0 = Ad-Hoc|iPhone
		{EEB7D543-5CD6-4563-948A-D4F041E8517F}.Ad-Hoc|iPhoneSimulator.ActiveCfg = Ad-Hoc|iPhoneSimulator
		{EEB7D543-5CD6-4563-948A-D4F041E8517F}.Ad-Hoc|iPhoneSimulator.Build.0 = Ad-Hoc|iPhoneSimulator
		{EEB7D543-5CD6-4563-948A-D4F041E8517F}.Ad-Hoc|Mixed Platforms.ActiveCfg = Ad-Hoc|iPhone
		{EEB7D543-5CD6-4563-948A-D4F041E8517F}.Ad-Hoc|Mixed Platforms.Build.0 = Ad-Hoc|iPhone
		{EEB7D543-5CD6-4563-948A-D4F041E8517F}.Ad-Hoc|x86.ActiveCfg = Ad-Hoc|iPhone
		{EEB7D543-5CD6-4563-948A-D4F041E8517F}.AppStore|Any CPU.ActiveCfg = AppStore|iPhone
		{EEB7D543-5CD6-4563-948A-D4F041E8517F}.AppStore|ARM.ActiveCfg = AppStore|iPhone
		{EEB7D543-5CD6-4563-948A-D4F041E8517F}.AppStore|iPhone.ActiveCfg = AppStore|iPhone
		{EEB7D543-5CD6-4563-948A-D4F041E8517F}.AppStore|iPhone.Build.0 = AppStore|iPhone
		{EEB7D543-5CD6-4563-948A-D4F041E8517F}.AppStore|iPhoneSimulator.ActiveCfg = AppStore|iPhoneSimulator
		{EEB7D543-5CD6-4563-948A-D4F041E8517F}.AppStore|iPhoneSimulator.Build.0 = AppStore|iPhoneSimulator
		{EEB7D543-5CD6-4563-948A-D4F041E8517F}.AppStore|Mixed Platforms.ActiveCfg = AppStore|iPhone
		{EEB7D543-5CD6-4563-948A-D4F041E8517F}.AppStore|Mixed Platforms.Build.0 = AppStore|iPhone
		{EEB7D543-5CD6-4563-948A-D4F041E8517F}.AppStore|x86.ActiveCfg = AppStore|iPhone
		{EEB7D543-5CD6-4563-948A-D4F041E8517F}.Debug|Any CPU.ActiveCfg = Debug|iPhone
		{EEB7D543-5CD6-4563-948A-D4F041E8517F}.Debug|ARM.ActiveCfg = Debug|iPhone
		{EEB7D543-5CD6-4563-948A-D4F041E8517F}.Debug|iPhone.ActiveCfg = Debug|iPhone
		{EEB7D543-5CD6-4563-948A-D4F041E8517F}.Debug|iPhone.Build.0 = Debug|iPhone
		{EEB7D543-5CD6-4563-948A-D4F041E8517F}.Debug|iPhoneSimulator.ActiveCfg = Debug|iPhoneSimulator
		{EEB7D543-5CD6-4563-948A-D4F041E8517F}.Debug|iPhoneSimulator.Build.0 = Debug|iPhoneSimulator
		{EEB7D543-5CD6-4563-948A-D4F041E8517F}.Debug|Mixed Platforms.ActiveCfg = Debug|iPhone
		{EEB7D543-5CD6-4563-948A-D4F041E8517F}.Debug|Mixed Platforms.Build.0 = Debug|iPhone
		{EEB7D543-5CD6-4563-948A-D4F041E8517F}.Debug|x86.ActiveCfg = Debug|iPhone
		{EEB7D543-5CD6-4563-948A-D4F041E8517F}.Release|Any CPU.ActiveCfg = Release|iPhone
		{EEB7D543-5CD6-4563-948A-D4F041E8517F}.Release|ARM.ActiveCfg = Release|iPhone
		{EEB7D543-5CD6-4563-948A-D4F041E8517F}.Release|iPhone.ActiveCfg = Release|iPhone
		{EEB7D543-5CD6-4563-948A-D4F041E8517F}.Release|iPhone.Build.0 = Release|iPhone
		{EEB7D543-5CD6-4563-948A-D4F041E8517F}.Release|iPhoneSimulator.ActiveCfg = Release|iPhoneSimulator
		{EEB7D543-5CD6-4563-948A-D4F041E8517F}.Release|iPhoneSimulator.Build.0 = Release|iPhoneSimulator
		{EEB7D543-5CD6-4563-948A-D4F041E8517F}.Release|Mixed Platforms.ActiveCfg = Release|iPhone
		{EEB7D543-5CD6-4563-948A-D4F041E8517F}.Release|Mixed Platforms.Build.0 = Release|iPhone
		{EEB7D543-5CD6-4563-948A-D4F041E8517F}.Release|x86.ActiveCfg = Release|iPhone
		{BB76D2C2-74A9-49CA-A387-4118769A23AD}.Ad-Hoc|Any CPU.ActiveCfg = Release|Any CPU
		{BB76D2C2-74A9-49CA-A387-4118769A23AD}.Ad-Hoc|Any CPU.Build.0 = Release|Any CPU
		{BB76D2C2-74A9-49CA-A387-4118769A23AD}.Ad-Hoc|Any CPU.Deploy.0 = Release|Any CPU
		{BB76D2C2-74A9-49CA-A387-4118769A23AD}.Ad-Hoc|ARM.ActiveCfg = Release|Any CPU
		{BB76D2C2-74A9-49CA-A387-4118769A23AD}.Ad-Hoc|iPhone.ActiveCfg = Release|Any CPU
		{BB76D2C2-74A9-49CA-A387-4118769A23AD}.Ad-Hoc|iPhoneSimulator.ActiveCfg = Release|Any CPU
		{BB76D2C2-74A9-49CA-A387-4118769A23AD}.Ad-Hoc|Mixed Platforms.ActiveCfg = Release|Any CPU
		{BB76D2C2-74A9-49CA-A387-4118769A23AD}.Ad-Hoc|Mixed Platforms.Build.0 = Release|Any CPU
		{BB76D2C2-74A9-49CA-A387-4118769A23AD}.Ad-Hoc|Mixed Platforms.Deploy.0 = Release|Any CPU
		{BB76D2C2-74A9-49CA-A387-4118769A23AD}.Ad-Hoc|x86.ActiveCfg = Release|Any CPU
		{BB76D2C2-74A9-49CA-A387-4118769A23AD}.AppStore|Any CPU.ActiveCfg = Release|Any CPU
		{BB76D2C2-74A9-49CA-A387-4118769A23AD}.AppStore|Any CPU.Build.0 = Release|Any CPU
		{BB76D2C2-74A9-49CA-A387-4118769A23AD}.AppStore|Any CPU.Deploy.0 = Release|Any CPU
		{BB76D2C2-74A9-49CA-A387-4118769A23AD}.AppStore|ARM.ActiveCfg = Release|Any CPU
		{BB76D2C2-74A9-49CA-A387-4118769A23AD}.AppStore|iPhone.ActiveCfg = Release|Any CPU
		{BB76D2C2-74A9-49CA-A387-4118769A23AD}.AppStore|iPhoneSimulator.ActiveCfg = Release|Any CPU
		{BB76D2C2-74A9-49CA-A387-4118769A23AD}.AppStore|Mixed Platforms.ActiveCfg = Release|Any CPU
		{BB76D2C2-74A9-49CA-A387-4118769A23AD}.AppStore|Mixed Platforms.Build.0 = Release|Any CPU
		{BB76D2C2-74A9-49CA-A387-4118769A23AD}.AppStore|Mixed Platforms.Deploy.0 = Release|Any CPU
		{BB76D2C2-74A9-49CA-A387-4118769A23AD}.AppStore|x86.ActiveCfg = Release|Any CPU
		{BB76D2C2-74A9-49CA-A387-4118769A23AD}.Debug|Any CPU.ActiveCfg = Debug|Any CPU
		{BB76D2C2-74A9-49CA-A387-4118769A23AD}.Debug|Any CPU.Build.0 = Debug|Any CPU
		{BB76D2C2-74A9-49CA-A387-4118769A23AD}.Debug|Any CPU.Deploy.0 = Debug|Any CPU
		{BB76D2C2-74A9-49CA-A387-4118769A23AD}.Debug|ARM.ActiveCfg = Debug|Any CPU
		{BB76D2C2-74A9-49CA-A387-4118769A23AD}.Debug|iPhone.ActiveCfg = Debug|Any CPU
		{BB76D2C2-74A9-49CA-A387-4118769A23AD}.Debug|iPhoneSimulator.ActiveCfg = Debug|Any CPU
		{BB76D2C2-74A9-49CA-A387-4118769A23AD}.Debug|Mixed Platforms.ActiveCfg = Debug|Any CPU
		{BB76D2C2-74A9-49CA-A387-4118769A23AD}.Debug|Mixed Platforms.Build.0 = Debug|Any CPU
		{BB76D2C2-74A9-49CA-A387-4118769A23AD}.Debug|Mixed Platforms.Deploy.0 = Debug|Any CPU
		{BB76D2C2-74A9-49CA-A387-4118769A23AD}.Debug|x86.ActiveCfg = Debug|Any CPU
		{BB76D2C2-74A9-49CA-A387-4118769A23AD}.Release|Any CPU.ActiveCfg = Release|Any CPU
		{BB76D2C2-74A9-49CA-A387-4118769A23AD}.Release|Any CPU.Build.0 = Release|Any CPU
		{BB76D2C2-74A9-49CA-A387-4118769A23AD}.Release|Any CPU.Deploy.0 = Release|Any CPU
		{BB76D2C2-74A9-49CA-A387-4118769A23AD}.Release|ARM.ActiveCfg = Release|Any CPU
		{BB76D2C2-74A9-49CA-A387-4118769A23AD}.Release|iPhone.ActiveCfg = Release|Any CPU
		{BB76D2C2-74A9-49CA-A387-4118769A23AD}.Release|iPhoneSimulator.ActiveCfg = Release|Any CPU
		{BB76D2C2-74A9-49CA-A387-4118769A23AD}.Release|Mixed Platforms.ActiveCfg = Release|Any CPU
		{BB76D2C2-74A9-49CA-A387-4118769A23AD}.Release|Mixed Platforms.Build.0 = Release|Any CPU
		{BB76D2C2-74A9-49CA-A387-4118769A23AD}.Release|Mixed Platforms.Deploy.0 = Release|Any CPU
		{BB76D2C2-74A9-49CA-A387-4118769A23AD}.Release|x86.ActiveCfg = Release|Any CPU
		{BBB9AF22-7E18-4F6E-B4B5-C039DA506FF8}.Ad-Hoc|Any CPU.ActiveCfg = Release|Any CPU
		{BBB9AF22-7E18-4F6E-B4B5-C039DA506FF8}.Ad-Hoc|Any CPU.Build.0 = Release|Any CPU
		{BBB9AF22-7E18-4F6E-B4B5-C039DA506FF8}.Ad-Hoc|Any CPU.Deploy.0 = Release|Any CPU
		{BBB9AF22-7E18-4F6E-B4B5-C039DA506FF8}.Ad-Hoc|ARM.ActiveCfg = Release|ARM
		{BBB9AF22-7E18-4F6E-B4B5-C039DA506FF8}.Ad-Hoc|ARM.Build.0 = Release|ARM
		{BBB9AF22-7E18-4F6E-B4B5-C039DA506FF8}.Ad-Hoc|ARM.Deploy.0 = Release|ARM
		{BBB9AF22-7E18-4F6E-B4B5-C039DA506FF8}.Ad-Hoc|iPhone.ActiveCfg = Release|Any CPU
		{BBB9AF22-7E18-4F6E-B4B5-C039DA506FF8}.Ad-Hoc|iPhoneSimulator.ActiveCfg = Release|Any CPU
		{BBB9AF22-7E18-4F6E-B4B5-C039DA506FF8}.Ad-Hoc|Mixed Platforms.ActiveCfg = Release|x86
		{BBB9AF22-7E18-4F6E-B4B5-C039DA506FF8}.Ad-Hoc|Mixed Platforms.Build.0 = Release|x86
		{BBB9AF22-7E18-4F6E-B4B5-C039DA506FF8}.Ad-Hoc|Mixed Platforms.Deploy.0 = Release|x86
		{BBB9AF22-7E18-4F6E-B4B5-C039DA506FF8}.Ad-Hoc|x86.ActiveCfg = Release|x86
		{BBB9AF22-7E18-4F6E-B4B5-C039DA506FF8}.Ad-Hoc|x86.Build.0 = Release|x86
		{BBB9AF22-7E18-4F6E-B4B5-C039DA506FF8}.Ad-Hoc|x86.Deploy.0 = Release|x86
		{BBB9AF22-7E18-4F6E-B4B5-C039DA506FF8}.AppStore|Any CPU.ActiveCfg = Release|Any CPU
		{BBB9AF22-7E18-4F6E-B4B5-C039DA506FF8}.AppStore|Any CPU.Build.0 = Release|Any CPU
		{BBB9AF22-7E18-4F6E-B4B5-C039DA506FF8}.AppStore|Any CPU.Deploy.0 = Release|Any CPU
		{BBB9AF22-7E18-4F6E-B4B5-C039DA506FF8}.AppStore|ARM.ActiveCfg = Release|ARM
		{BBB9AF22-7E18-4F6E-B4B5-C039DA506FF8}.AppStore|ARM.Build.0 = Release|ARM
		{BBB9AF22-7E18-4F6E-B4B5-C039DA506FF8}.AppStore|ARM.Deploy.0 = Release|ARM
		{BBB9AF22-7E18-4F6E-B4B5-C039DA506FF8}.AppStore|iPhone.ActiveCfg = Release|Any CPU
		{BBB9AF22-7E18-4F6E-B4B5-C039DA506FF8}.AppStore|iPhoneSimulator.ActiveCfg = Release|Any CPU
		{BBB9AF22-7E18-4F6E-B4B5-C039DA506FF8}.AppStore|Mixed Platforms.ActiveCfg = Release|x86
		{BBB9AF22-7E18-4F6E-B4B5-C039DA506FF8}.AppStore|Mixed Platforms.Build.0 = Release|x86
		{BBB9AF22-7E18-4F6E-B4B5-C039DA506FF8}.AppStore|Mixed Platforms.Deploy.0 = Release|x86
		{BBB9AF22-7E18-4F6E-B4B5-C039DA506FF8}.AppStore|x86.ActiveCfg = Release|x86
		{BBB9AF22-7E18-4F6E-B4B5-C039DA506FF8}.AppStore|x86.Build.0 = Release|x86
		{BBB9AF22-7E18-4F6E-B4B5-C039DA506FF8}.AppStore|x86.Deploy.0 = Release|x86
		{BBB9AF22-7E18-4F6E-B4B5-C039DA506FF8}.Debug|Any CPU.ActiveCfg = Debug|Any CPU
		{BBB9AF22-7E18-4F6E-B4B5-C039DA506FF8}.Debug|Any CPU.Build.0 = Debug|Any CPU
		{BBB9AF22-7E18-4F6E-B4B5-C039DA506FF8}.Debug|Any CPU.Deploy.0 = Debug|Any CPU
		{BBB9AF22-7E18-4F6E-B4B5-C039DA506FF8}.Debug|ARM.ActiveCfg = Debug|ARM
		{BBB9AF22-7E18-4F6E-B4B5-C039DA506FF8}.Debug|ARM.Build.0 = Debug|ARM
		{BBB9AF22-7E18-4F6E-B4B5-C039DA506FF8}.Debug|ARM.Deploy.0 = Debug|ARM
		{BBB9AF22-7E18-4F6E-B4B5-C039DA506FF8}.Debug|iPhone.ActiveCfg = Debug|Any CPU
		{BBB9AF22-7E18-4F6E-B4B5-C039DA506FF8}.Debug|iPhoneSimulator.ActiveCfg = Debug|Any CPU
		{BBB9AF22-7E18-4F6E-B4B5-C039DA506FF8}.Debug|Mixed Platforms.ActiveCfg = Debug|Any CPU
		{BBB9AF22-7E18-4F6E-B4B5-C039DA506FF8}.Debug|Mixed Platforms.Build.0 = Debug|Any CPU
		{BBB9AF22-7E18-4F6E-B4B5-C039DA506FF8}.Debug|Mixed Platforms.Deploy.0 = Debug|Any CPU
		{BBB9AF22-7E18-4F6E-B4B5-C039DA506FF8}.Debug|x86.ActiveCfg = Debug|x86
		{BBB9AF22-7E18-4F6E-B4B5-C039DA506FF8}.Debug|x86.Build.0 = Debug|x86
		{BBB9AF22-7E18-4F6E-B4B5-C039DA506FF8}.Debug|x86.Deploy.0 = Debug|x86
		{BBB9AF22-7E18-4F6E-B4B5-C039DA506FF8}.Release|Any CPU.ActiveCfg = Release|Any CPU
		{BBB9AF22-7E18-4F6E-B4B5-C039DA506FF8}.Release|Any CPU.Build.0 = Release|Any CPU
		{BBB9AF22-7E18-4F6E-B4B5-C039DA506FF8}.Release|Any CPU.Deploy.0 = Release|Any CPU
		{BBB9AF22-7E18-4F6E-B4B5-C039DA506FF8}.Release|ARM.ActiveCfg = Release|ARM
		{BBB9AF22-7E18-4F6E-B4B5-C039DA506FF8}.Release|ARM.Build.0 = Release|ARM
		{BBB9AF22-7E18-4F6E-B4B5-C039DA506FF8}.Release|ARM.Deploy.0 = Release|ARM
		{BBB9AF22-7E18-4F6E-B4B5-C039DA506FF8}.Release|iPhone.ActiveCfg = Release|Any CPU
		{BBB9AF22-7E18-4F6E-B4B5-C039DA506FF8}.Release|iPhoneSimulator.ActiveCfg = Release|Any CPU
		{BBB9AF22-7E18-4F6E-B4B5-C039DA506FF8}.Release|Mixed Platforms.ActiveCfg = Release|Any CPU
		{BBB9AF22-7E18-4F6E-B4B5-C039DA506FF8}.Release|Mixed Platforms.Build.0 = Release|Any CPU
		{BBB9AF22-7E18-4F6E-B4B5-C039DA506FF8}.Release|Mixed Platforms.Deploy.0 = Release|Any CPU
		{BBB9AF22-7E18-4F6E-B4B5-C039DA506FF8}.Release|x86.ActiveCfg = Release|x86
		{BBB9AF22-7E18-4F6E-B4B5-C039DA506FF8}.Release|x86.Build.0 = Release|x86
		{BBB9AF22-7E18-4F6E-B4B5-C039DA506FF8}.Release|x86.Deploy.0 = Release|x86
		{67F9D3A8-F71E-4428-913F-C37AE82CDB24}.Ad-Hoc|Any CPU.ActiveCfg = Release|Any CPU
		{67F9D3A8-F71E-4428-913F-C37AE82CDB24}.Ad-Hoc|Any CPU.Build.0 = Release|Any CPU
		{67F9D3A8-F71E-4428-913F-C37AE82CDB24}.Ad-Hoc|ARM.ActiveCfg = Release|Any CPU
		{67F9D3A8-F71E-4428-913F-C37AE82CDB24}.Ad-Hoc|iPhone.ActiveCfg = Release|Any CPU
		{67F9D3A8-F71E-4428-913F-C37AE82CDB24}.Ad-Hoc|iPhoneSimulator.ActiveCfg = Release|Any CPU
		{67F9D3A8-F71E-4428-913F-C37AE82CDB24}.Ad-Hoc|Mixed Platforms.ActiveCfg = Release|Any CPU
		{67F9D3A8-F71E-4428-913F-C37AE82CDB24}.Ad-Hoc|Mixed Platforms.Build.0 = Release|Any CPU
		{67F9D3A8-F71E-4428-913F-C37AE82CDB24}.Ad-Hoc|x86.ActiveCfg = Release|Any CPU
		{67F9D3A8-F71E-4428-913F-C37AE82CDB24}.AppStore|Any CPU.ActiveCfg = Release|Any CPU
		{67F9D3A8-F71E-4428-913F-C37AE82CDB24}.AppStore|Any CPU.Build.0 = Release|Any CPU
		{67F9D3A8-F71E-4428-913F-C37AE82CDB24}.AppStore|ARM.ActiveCfg = Release|Any CPU
		{67F9D3A8-F71E-4428-913F-C37AE82CDB24}.AppStore|iPhone.ActiveCfg = Release|Any CPU
		{67F9D3A8-F71E-4428-913F-C37AE82CDB24}.AppStore|iPhoneSimulator.ActiveCfg = Release|Any CPU
		{67F9D3A8-F71E-4428-913F-C37AE82CDB24}.AppStore|Mixed Platforms.ActiveCfg = Release|Any CPU
		{67F9D3A8-F71E-4428-913F-C37AE82CDB24}.AppStore|Mixed Platforms.Build.0 = Release|Any CPU
		{67F9D3A8-F71E-4428-913F-C37AE82CDB24}.AppStore|x86.ActiveCfg = Release|Any CPU
		{67F9D3A8-F71E-4428-913F-C37AE82CDB24}.Debug|Any CPU.ActiveCfg = Debug|Any CPU
		{67F9D3A8-F71E-4428-913F-C37AE82CDB24}.Debug|Any CPU.Build.0 = Debug|Any CPU
		{67F9D3A8-F71E-4428-913F-C37AE82CDB24}.Debug|ARM.ActiveCfg = Debug|Any CPU
		{67F9D3A8-F71E-4428-913F-C37AE82CDB24}.Debug|iPhone.ActiveCfg = Debug|Any CPU
		{67F9D3A8-F71E-4428-913F-C37AE82CDB24}.Debug|iPhoneSimulator.ActiveCfg = Debug|Any CPU
		{67F9D3A8-F71E-4428-913F-C37AE82CDB24}.Debug|Mixed Platforms.ActiveCfg = Debug|Any CPU
		{67F9D3A8-F71E-4428-913F-C37AE82CDB24}.Debug|Mixed Platforms.Build.0 = Debug|Any CPU
		{67F9D3A8-F71E-4428-913F-C37AE82CDB24}.Debug|x86.ActiveCfg = Debug|Any CPU
		{67F9D3A8-F71E-4428-913F-C37AE82CDB24}.Release|Any CPU.ActiveCfg = Release|Any CPU
		{67F9D3A8-F71E-4428-913F-C37AE82CDB24}.Release|Any CPU.Build.0 = Release|Any CPU
		{67F9D3A8-F71E-4428-913F-C37AE82CDB24}.Release|ARM.ActiveCfg = Release|Any CPU
		{67F9D3A8-F71E-4428-913F-C37AE82CDB24}.Release|iPhone.ActiveCfg = Release|Any CPU
		{67F9D3A8-F71E-4428-913F-C37AE82CDB24}.Release|iPhoneSimulator.ActiveCfg = Release|Any CPU
		{67F9D3A8-F71E-4428-913F-C37AE82CDB24}.Release|Mixed Platforms.ActiveCfg = Release|Any CPU
		{67F9D3A8-F71E-4428-913F-C37AE82CDB24}.Release|Mixed Platforms.Build.0 = Release|Any CPU
		{67F9D3A8-F71E-4428-913F-C37AE82CDB24}.Release|x86.ActiveCfg = Release|Any CPU
	EndGlobalSection
	GlobalSection(SolutionProperties) = preSolution
		HideSolutionNode = FALSE
	EndGlobalSection
	GlobalSection(NestedProjects) = preSolution
		{E639B811-5496-45D5-9E31-BE1E4D1405B5} = {2AE37F99-E679-43EA-84C7-998A9C9C4121}
		{EEB7D543-5CD6-4563-948A-D4F041E8517F} = {371E56D8-2AC4-4280-9AD4-5BC024739612}
		{BB76D2C2-74A9-49CA-A387-4118769A23AD} = {371E56D8-2AC4-4280-9AD4-5BC024739612}
		{BBB9AF22-7E18-4F6E-B4B5-C039DA506FF8} = {371E56D8-2AC4-4280-9AD4-5BC024739612}
		{67F9D3A8-F71E-4428-913F-C37AE82CDB24} = {69872FD4-4500-4C1A-AA2C-35C60A3487ED}
	EndGlobalSection
EndGlobal
